Microsoft Visual Studio Solution File, Format Version 12.00
# Visual Studio Version 17
VisualStudioVersion = 17.0.31912.275
MinimumVisualStudioVersion = 10.0.40219.1
Project("{9A19103F-16F7-4668-BE54-9A1E7A4F7556}") = "WalletPWA.Server", "Server\WalletPWA.Server.csproj", "{BEC9A45D-AEBB-4DC6-B2B7-19CAC75B274B}"
EndProject
Project("{9A19103F-16F7-4668-BE54-9A1E7A4F7556}") = "WalletPWA.Client", "Client\WalletPWA.Client.csproj", "{B5D08970-A2C5-4C56-B080-E7D598F04210}"
EndProject
Project("{9A19103F-16F7-4668-BE54-9A1E7A4F7556}") = "WalletPWA.Shared", "Shared\WalletPWA.Shared.csproj", "{9EF3905C-00E4-4DD0-910C-00F1FF6DB057}"
EndProject
Global
	GlobalSection(SolutionConfigurationPlatforms) = preSolution
		Debug|Any CPU = Debug|Any CPU
		Release|Any CPU = Release|Any CPU
	EndGlobalSection
	GlobalSection(ProjectConfigurationPlatforms) = postSolution
		{BEC9A45D-AEBB-4DC6-B2B7-19CAC75B274B}.Debug|Any CPU.ActiveCfg = Debug|Any CPU
		{BEC9A45D-AEBB-4DC6-B2B7-19CAC75B274B}.Debug|Any CPU.Build.0 = Debug|Any CPU
		{BEC9A45D-AEBB-4DC6-B2B7-19CAC75B274B}.Release|Any CPU.ActiveCfg = Release|Any CPU
		{BEC9A45D-AEBB-4DC6-B2B7-19CAC75B274B}.Release|Any CPU.Build.0 = Release|Any CPU
		{B5D08970-A2C5-4C56-B080-E7D598F04210}.Debug|Any CPU.ActiveCfg = Debug|Any CPU
		{B5D08970-A2C5-4C56-B080-E7D598F04210}.Debug|Any CPU.Build.0 = Debug|Any CPU
		{B5D08970-A2C5-4C56-B080-E7D598F04210}.Release|Any CPU.ActiveCfg = Release|Any CPU
		{B5D08970-A2C5-4C56-B080-E7D598F04210}.Release|Any CPU.Build.0 = Release|Any CPU
		{9EF3905C-00E4-4DD0-910C-00F1FF6DB057}.Debug|Any CPU.ActiveCfg = Debug|Any CPU
		{9EF3905C-00E4-4DD0-910C-00F1FF6DB057}.Debug|Any CPU.Build.0 = Debug|Any CPU
		{9EF3905C-00E4-4DD0-910C-00F1FF6DB057}.Release|Any CPU.ActiveCfg = Release|Any CPU
		{9EF3905C-00E4-4DD0-910C-00F1FF6DB057}.Release|Any CPU.Build.0 = Release|Any CPU
	EndGlobalSection
	GlobalSection(SolutionProperties) = preSolution
		HideSolutionNode = FALSE
	EndGlobalSection
	GlobalSection(ExtensibilityGlobals) = postSolution
		SolutionGuid = {EA24A16A-EAD3-4E4A-85DA-8A312ADA8906}
	EndGlobalSection
EndGlobal
